[[package]]
name = "hello_world"
version = "0.1.0"
dependencies = [
 "library 0.1.0 (git+https://github.com/kartrez/hw_library.git)",
]

[[package]]
name = "library"
version = "0.1.0"
source = "git+https://github.com/kartrez/hw_library.git#4337a7f00e06b2b0b9ae82b8007e69c3f36d9bce"

[metadata]
"checksum library 0.1.0 (git+https://github.com/kartrez/hw_library.git)" = "<none>"
